
Microsoft Visual Studio Solution File, Format Version 12.00
# Visual Studio Version 17
VisualStudioVersion = 17.10.35027.167
MinimumVisualStudioVersion = 10.0.40219.1
Project("{FAE04EC0-301F-11D3-BF4B-00C04F79EFBC}") = "API_Tekrar", "API_Tekrar\API_Tekrar.csproj", "{84162805-469A-4A82-B9DB-A69C2B0B0091}"
EndProject
Global
	GlobalSection(SolutionConfigurationPlatforms) = preSolution
		Debug|Any CPU = Debug|Any CPU
		Release|Any CPU = Release|Any CPU
	EndGlobalSection
	GlobalSection(ProjectConfigurationPlatforms) = postSolution
		{84162805-469A-4A82-B9DB-A69C2B0B0091}.Debug|Any CPU.ActiveCfg = Debug|Any CPU
		{84162805-469A-4A82-B9DB-A69C2B0B0091}.Debug|Any CPU.Build.0 = Debug|Any CPU
		{84162805-469A-4A82-B9DB-A69C2B0B0091}.Release|Any CPU.ActiveCfg = Release|Any CPU
		{84162805-469A-4A82-B9DB-A69C2B0B0091}.Release|Any CPU.Build.0 = Release|Any CPU
	EndGlobalSection
	GlobalSection(SolutionProperties) = preSolution
		HideSolutionNode = FALSE
	EndGlobalSection
	GlobalSection(ExtensibilityGlobals) = postSolution
		SolutionGuid = {9D5F4E39-CFC3-4757-AA36-8DFED109372D}
	EndGlobalSection
EndGlobal
